name: update-flake-lock

on:
  workflow_dispatch:
  schedule:
    - cron: '0 0 * * 0'

jobs:
  update-flake-lock:
    runs-on: ubuntu-latest
    steps:
      - name: Checkout repository
        uses: actions/checkout@v4
      - name: Install nix
        uses: cachix/install-nix-action@v30
      - name: Install Determinate Nix
        uses: DeterminateSystems/determinate-nix-action@v3
      - name: Update flake.lock
        id: update-flake-lock
        uses: DeterminateSystems/update-flake-lock@v25
        with:
          nix-options: --debug --log-format raw
      - name: Auto-merge just created PR
        run: gh pr merge ${{ steps.update.update-flake-lock.pull-request-number }} --merge --admin --delete-branch
        env:
          GITHUB_TOKEN: ${{ secrets.GITHUB_TOKEN }}
